
Microsoft Visual Studio Solution File, Format Version 11.00
# Visual Studio 2010
Project("{FAE04EC0-301F-11D3-BF4B-00C04F79EFBC}") = "Assembly-CSharp", "Assembly-CSharp.csproj", "{68F9264D-27F0-A285-5008-E52200DEFBE4}"
EndProject
Project("{FAE04EC0-301F-11D3-BF4B-00C04F79EFBC}") = "Assembly-CSharp-Editor", "Assembly-CSharp-Editor.csproj", "{B4D35752-227E-44C4-2F12-601EBA6ACE60}"
EndProject
Global
	GlobalSection(SolutionConfigurationPlatforms) = preSolution
		Debug|Any CPU = Debug|Any CPU
		Release|Any CPU = Release|Any CPU
	EndGlobalSection
	GlobalSection(ProjectConfigurationPlatforms) = postSolution
		{68F9264D-27F0-A285-5008-E52200DEFBE4}.Debug|Any CPU.ActiveCfg = Debug|Any CPU
		{68F9264D-27F0-A285-5008-E52200DEFBE4}.Debug|Any CPU.Build.0 = Debug|Any CPU
		{68F9264D-27F0-A285-5008-E52200DEFBE4}.Release|Any CPU.ActiveCfg = Release|Any CPU
		{68F9264D-27F0-A285-5008-E52200DEFBE4}.Release|Any CPU.Build.0 = Release|Any CPU
		{B4D35752-227E-44C4-2F12-601EBA6ACE60}.Debug|Any CPU.ActiveCfg = Debug|Any CPU
		{B4D35752-227E-44C4-2F12-601EBA6ACE60}.Debug|Any CPU.Build.0 = Debug|Any CPU
		{B4D35752-227E-44C4-2F12-601EBA6ACE60}.Release|Any CPU.ActiveCfg = Release|Any CPU
		{B4D35752-227E-44C4-2F12-601EBA6ACE60}.Release|Any CPU.Build.0 = Release|Any CPU
	EndGlobalSection
	GlobalSection(SolutionProperties) = preSolution
		HideSolutionNode = FALSE
	EndGlobalSection
EndGlobal
